
Microsoft Visual Studio Solution File, Format Version 12.00
# Visual Studio Version 17
VisualStudioVersion = 17.10.35013.160
MinimumVisualStudioVersion = 10.0.40219.1
Project("{9A19103F-16F7-4668-BE54-9A1E7A4F7556}") = "CategorizeTradesConsole", "Test-Bank\CategorizeTradesConsole.csproj", "{52049E56-F8A2-4BEF-A5C2-E0BE790720E1}"
EndProject
Project("{FAE04EC0-301F-11D3-BF4B-00C04F79EFBC}") = "CategorizeTradesConsole.Models", "CategorizeTradesConsole.Models\CategorizeTradesConsole.Models.csproj", "{AC6074DE-5F43-40BA-A4A5-65A7A7EF45A4}"
EndProject
Project("{FAE04EC0-301F-11D3-BF4B-00C04F79EFBC}") = "CategorizeTradesConsole.Business", "CategorizeTradesConsole.Business\CategorizeTradesConsole.Business.csproj", "{A3FCBD0C-650A-44E7-B57E-51AE0B4E778C}"
EndProject
Project("{FAE04EC0-301F-11D3-BF4B-00C04F79EFBC}") = "CategorizeTradesConsole.Services", "CategorizeTradesConsole.Services\CategorizeTradesConsole.Services.csproj", "{CAAB92F6-D231-4197-BCBC-F66AE36D5686}"
EndProject
Project("{FAE04EC0-301F-11D3-BF4B-00C04F79EFBC}") = "CategorizeTrades.Repositories", "CategorizeTrades.Repositories\CategorizeTrades.Repositories.csproj", "{9DC7E518-B8B3-41DB-BDBB-E29A91A09A8C}"
EndProject
Global
	GlobalSection(SolutionConfigurationPlatforms) = preSolution
		Debug|Any CPU = Debug|Any CPU
		Release|Any CPU = Release|Any CPU
	EndGlobalSection
	GlobalSection(ProjectConfigurationPlatforms) = postSolution
		{52049E56-F8A2-4BEF-A5C2-E0BE790720E1}.Debug|Any CPU.ActiveCfg = Debug|Any CPU
		{52049E56-F8A2-4BEF-A5C2-E0BE790720E1}.Debug|Any CPU.Build.0 = Debug|Any CPU
		{52049E56-F8A2-4BEF-A5C2-E0BE790720E1}.Release|Any CPU.ActiveCfg = Release|Any CPU
		{52049E56-F8A2-4BEF-A5C2-E0BE790720E1}.Release|Any CPU.Build.0 = Release|Any CPU
		{AC6074DE-5F43-40BA-A4A5-65A7A7EF45A4}.Debug|Any CPU.ActiveCfg = Debug|Any CPU
		{AC6074DE-5F43-40BA-A4A5-65A7A7EF45A4}.Debug|Any CPU.Build.0 = Debug|Any CPU
		{AC6074DE-5F43-40BA-A4A5-65A7A7EF45A4}.Release|Any CPU.ActiveCfg = Release|Any CPU
		{AC6074DE-5F43-40BA-A4A5-65A7A7EF45A4}.Release|Any CPU.Build.0 = Release|Any CPU
		{A3FCBD0C-650A-44E7-B57E-51AE0B4E778C}.Debug|Any CPU.ActiveCfg = Debug|Any CPU
		{A3FCBD0C-650A-44E7-B57E-51AE0B4E778C}.Debug|Any CPU.Build.0 = Debug|Any CPU
		{A3FCBD0C-650A-44E7-B57E-51AE0B4E778C}.Release|Any CPU.ActiveCfg = Release|Any CPU
		{A3FCBD0C-650A-44E7-B57E-51AE0B4E778C}.Release|Any CPU.Build.0 = Release|Any CPU
		{CAAB92F6-D231-4197-BCBC-F66AE36D5686}.Debug|Any CPU.ActiveCfg = Debug|Any CPU
		{CAAB92F6-D231-4197-BCBC-F66AE36D5686}.Debug|Any CPU.Build.0 = Debug|Any CPU
		{CAAB92F6-D231-4197-BCBC-F66AE36D5686}.Release|Any CPU.ActiveCfg = Release|Any CPU
		{CAAB92F6-D231-4197-BCBC-F66AE36D5686}.Release|Any CPU.Build.0 = Release|Any CPU
		{9DC7E518-B8B3-41DB-BDBB-E29A91A09A8C}.Debug|Any CPU.ActiveCfg = Debug|Any CPU
		{9DC7E518-B8B3-41DB-BDBB-E29A91A09A8C}.Debug|Any CPU.Build.0 = Debug|Any CPU
		{9DC7E518-B8B3-41DB-BDBB-E29A91A09A8C}.Release|Any CPU.ActiveCfg = Release|Any CPU
		{9DC7E518-B8B3-41DB-BDBB-E29A91A09A8C}.Release|Any CPU.Build.0 = Release|Any CPU
	EndGlobalSection
	GlobalSection(SolutionProperties) = preSolution
		HideSolutionNode = FALSE
	EndGlobalSection
	GlobalSection(ExtensibilityGlobals) = postSolution
		SolutionGuid = {836B3F1D-75C6-449F-ABAC-9354AA04D659}
	EndGlobalSection
EndGlobal
